
Microsoft Visual Studio Solution File, Format Version 12.00
# Visual Studio Version 17
VisualStudioVersion = 17.9.34622.214
MinimumVisualStudioVersion = 10.0.40219.1
Project("{FAE04EC0-301F-11D3-BF4B-00C04F79EFBC}") = "GetEPGs", "GetEPGs.csproj", "{C83AB437-B9FF-4600-B166-032944BDB6EF}"
EndProject
Global
	GlobalSection(SolutionConfigurationPlatforms) = preSolution
		Debug|Any CPU = Debug|Any CPU
		Release|Any CPU = Release|Any CPU
	EndGlobalSection
	GlobalSection(ProjectConfigurationPlatforms) = postSolution
		{C83AB437-B9FF-4600-B166-032944BDB6EF}.Debug|Any CPU.ActiveCfg = Debug|Any CPU
		{C83AB437-B9FF-4600-B166-032944BDB6EF}.Debug|Any CPU.Build.0 = Debug|Any CPU
		{C83AB437-B9FF-4600-B166-032944BDB6EF}.Release|Any CPU.ActiveCfg = Release|Any CPU
		{C83AB437-B9FF-4600-B166-032944BDB6EF}.Release|Any CPU.Build.0 = Release|Any CPU
	EndGlobalSection
	GlobalSection(SolutionProperties) = preSolution
		HideSolutionNode = FALSE
	EndGlobalSection
	GlobalSection(ExtensibilityGlobals) = postSolution
		SolutionGuid = {1F9AE64C-A7BE-49CD-A353-B50A79999C42}
	EndGlobalSection
EndGlobal
